// !$*UTF8*$!
{
	archiveVersion = 1;
	classes = {
	};
	objectVersion = 46;
	objects = {

/* Begin PBXBuildFile section */
		2908BCF91DBA89240012C924 /* StylesViewController.swift in Sources */ = {isa = PBXBuildFile; fileRef = 2908BCF81DBA89240012C924 /* StylesViewController.swift */; };
		2908BD1F1DBC0EC10012C924 /* ButtonTableViewCell.swift in Sources */ = {isa = PBXBuildFile; fileRef = 2908BD1E1DBC0EC10012C924 /* ButtonTableViewCell.swift */; };
		2908BD211DBC10A20012C924 /* SegmentedControlsTableViewCell.swift in Sources */ = {isa = PBXBuildFile; fileRef = 2908BD201DBC10A20012C924 /* SegmentedControlsTableViewCell.swift */; };
		2908BD231DBC10BE0012C924 /* TextFieldsTableViewCell.swift in Sources */ = {isa = PBXBuildFile; fileRef = 2908BD221DBC10BE0012C924 /* TextFieldsTableViewCell.swift */; };
		2908BD251DBC10D60012C924 /* LabelsTableViewCell.swift in Sources */ = {isa = PBXBuildFile; fileRef = 2908BD241DBC10D60012C924 /* LabelsTableViewCell.swift */; };
		2908BD271DBC10EB0012C924 /* SlidersTableViewCell.swift in Sources */ = {isa = PBXBuildFile; fileRef = 2908BD261DBC10EB0012C924 /* SlidersTableViewCell.swift */; };
		2908BD291DBC10FF0012C924 /* SteppersTableViewCell.swift in Sources */ = {isa = PBXBuildFile; fileRef = 2908BD281DBC10FF0012C924 /* SteppersTableViewCell.swift */; };
		2908BD2B1DBC11120012C924 /* ProgressViewsTableViewCell.swift in Sources */ = {isa = PBXBuildFile; fileRef = 2908BD2A1DBC11120012C924 /* ProgressViewsTableViewCell.swift */; };
		2908BD2D1DBC11220012C924 /* ViewsTableViewCell.swift in Sources */ = {isa = PBXBuildFile; fileRef = 2908BD2C1DBC11220012C924 /* ViewsTableViewCell.swift */; };
		2908BD591DC24A5D0012C924 /* DemoCode.swift in Sources */ = {isa = PBXBuildFile; fileRef = 2908BD581DC24A5D0012C924 /* DemoCode.swift */; };
		294526981DC39852003AF49E /* Brandon_bld.otf in Resources */ = {isa = PBXBuildFile; fileRef = 294526921DC39852003AF49E /* Brandon_bld.otf */; };
		294526991DC39852003AF49E /* Brandon_blk.otf in Resources */ = {isa = PBXBuildFile; fileRef = 294526931DC39852003AF49E /* Brandon_blk.otf */; };
		2945269A1DC39852003AF49E /* Brandon_light_it.otf in Resources */ = {isa = PBXBuildFile; fileRef = 294526941DC39852003AF49E /* Brandon_light_it.otf */; };
		2945269B1DC39852003AF49E /* Brandon_light.otf in Resources */ = {isa = PBXBuildFile; fileRef = 294526951DC39852003AF49E /* Brandon_light.otf */; };
		2945269C1DC39852003AF49E /* Brandon_med.otf in Resources */ = {isa = PBXBuildFile; fileRef = 294526961DC39852003AF49E /* Brandon_med.otf */; };
		2945269D1DC39852003AF49E /* Brandon_thin.otf in Resources */ = {isa = PBXBuildFile; fileRef = 294526971DC39852003AF49E /* Brandon_thin.otf */; };
		295D21791C9214AA001626BD /* Style.json in Resources */ = {isa = PBXBuildFile; fileRef = 295D21781C9214AA001626BD /* Style.json */; };
		298DC60B1C92073E00BB0D29 /* AppDelegate.swift in Sources */ = {isa = PBXBuildFile; fileRef = 298DC60A1C92073E00BB0D29 /* AppDelegate.swift */; };
		298DC60D1C92073E00BB0D29 /* ViewController.swift in Sources */ = {isa = PBXBuildFile; fileRef = 298DC60C1C92073E00BB0D29 /* ViewController.swift */; };
		298DC6101C92073E00BB0D29 /* Main.storyboard in Resources */ = {isa = PBXBuildFile; fileRef = 298DC60E1C92073E00BB0D29 /* Main.storyboard */; };
		298DC6121C92073E00BB0D29 /* Assets.xcassets in Resources */ = {isa = PBXBuildFile; fileRef = 298DC6111C92073E00BB0D29 /* Assets.xcassets */; };
		298DC6151C92073E00BB0D29 /* LaunchScreen.storyboard in Resources */ = {isa = PBXBuildFile; fileRef = 298DC6131C92073E00BB0D29 /* LaunchScreen.storyboard */; };
		298E3BC81DB56D7B00B54DD0 /* Style2.json in Resources */ = {isa = PBXBuildFile; fileRef = 298E3BC71DB56D7B00B54DD0 /* Style2.json */; };
		29B64F301DC3AAF600D460B1 /* StyleKit.framework in Frameworks */ = {isa = PBXBuildFile; fileRef = 29B64F2F1DC3AAF600D460B1 /* StyleKit.framework */; };
		29B64F311DC3AAF600D460B1 /* StyleKit.framework in Embed Frameworks */ = {isa = PBXBuildFile; fileRef = 29B64F2F1DC3AAF600D460B1 /* StyleKit.framework */; settings = {ATTRIBUTES = (CodeSignOnCopy, RemoveHeadersOnCopy, ); }; };
		C406E7BC1DBFFF59004865CA /* ReadingViewController.swift in Sources */ = {isa = PBXBuildFile; fileRef = C406E7BB1DBFFF59004865CA /* ReadingViewController.swift */; };
		C406E7C41DC0F81D004865CA /* TextViewsTableViewCell.swift in Sources */ = {isa = PBXBuildFile; fileRef = C406E7C31DC0F81D004865CA /* TextViewsTableViewCell.swift */; };
/* End PBXBuildFile section */

/* Begin PBXCopyFilesBuildPhase section */
		29B64F2E1DC3A7B900D460B1 /* Embed Frameworks */ = {
			isa = PBXCopyFilesBuildPhase;
			buildActionMask = 2147483647;
			dstPath = "";
			dstSubfolderSpec = 10;
			files = (
				29B64F311DC3AAF600D460B1 /* StyleKit.framework in Embed Frameworks */,
			);
			name = "Embed Frameworks";
			runOnlyForDeploymentPostprocessing = 0;
		};
/* End PBXCopyFilesBuildPhase section */

/* Begin PBXFileReference section */
		2908BCF81DBA89240012C924 /* StylesViewController.swift */ = {isa = PBXFileReference; fileEncoding = 4; lastKnownFileType = sourcecode.swift; path = StylesViewController.swift; sourceTree = "<group>"; };
		2908BD1E1DBC0EC10012C924 /* ButtonTableViewCell.swift */ = {isa = PBXFileReference; fileEncoding = 4; lastKnownFileType = sourcecode.swift; path = ButtonTableViewCell.swift; sourceTree = "<group>"; };
		2908BD201DBC10A20012C924 /* SegmentedControlsTableViewCell.swift */ = {isa = PBXFileReference; fileEncoding = 4; lastKnownFileType = sourcecode.swift; path = SegmentedControlsTableViewCell.swift; sourceTree = "<group>"; };
		2908BD221DBC10BE0012C924 /* TextFieldsTableViewCell.swift */ = {isa = PBXFileReference; fileEncoding = 4; lastKnownFileType = sourcecode.swift; path = TextFieldsTableViewCell.swift; sourceTree = "<group>"; };
		2908BD241DBC10D60012C924 /* LabelsTableViewCell.swift */ = {isa = PBXFileReference; fileEncoding = 4; lastKnownFileType = sourcecode.swift; path = LabelsTableViewCell.swift; sourceTree = "<group>"; };
		2908BD261DBC10EB0012C924 /* SlidersTableViewCell.swift */ = {isa = PBXFileReference; fileEncoding = 4; lastKnownFileType = sourcecode.swift; path = SlidersTableViewCell.swift; sourceTree = "<group>"; };
		2908BD281DBC10FF0012C924 /* SteppersTableViewCell.swift */ = {isa = PBXFileReference; fileEncoding = 4; lastKnownFileType = sourcecode.swift; path = SteppersTableViewCell.swift; sourceTree = "<group>"; };
		2908BD2A1DBC11120012C924 /* ProgressViewsTableViewCell.swift */ = {isa = PBXFileReference; fileEncoding = 4; lastKnownFileType = sourcecode.swift; path = ProgressViewsTableViewCell.swift; sourceTree = "<group>"; };
		2908BD2C1DBC11220012C924 /* ViewsTableViewCell.swift */ = {isa = PBXFileReference; fileEncoding = 4; lastKnownFileType = sourcecode.swift; path = ViewsTableViewCell.swift; sourceTree = "<group>"; };
		2908BD581DC24A5D0012C924 /* DemoCode.swift */ = {isa = PBXFileReference; fileEncoding = 4; lastKnownFileType = sourcecode.swift; path = DemoCode.swift; sourceTree = "<group>"; };
		294526921DC39852003AF49E /* Brandon_bld.otf */ = {isa = PBXFileReference; lastKnownFileType = file; name = Brandon_bld.otf; path = StyleKit/Fonts/Brandon_bld.otf; sourceTree = SOURCE_ROOT; };
		294526931DC39852003AF49E /* Brandon_blk.otf */ = {isa = PBXFileReference; lastKnownFileType = file; name = Brandon_blk.otf; path = StyleKit/Fonts/Brandon_blk.otf; sourceTree = SOURCE_ROOT; };
		294526941DC39852003AF49E /* Brandon_light_it.otf */ = {isa = PBXFileReference; lastKnownFileType = file; name = Brandon_light_it.otf; path = StyleKit/Fonts/Brandon_light_it.otf; sourceTree = SOURCE_ROOT; };
		294526951DC39852003AF49E /* Brandon_light.otf */ = {isa = PBXFileReference; lastKnownFileType = file; name = Brandon_light.otf; path = StyleKit/Fonts/Brandon_light.otf; sourceTree = SOURCE_ROOT; };
		294526961DC39852003AF49E /* Brandon_med.otf */ = {isa = PBXFileReference; lastKnownFileType = file; name = Brandon_med.otf; path = StyleKit/Fonts/Brandon_med.otf; sourceTree = SOURCE_ROOT; };
		294526971DC39852003AF49E /* Brandon_thin.otf */ = {isa = PBXFileReference; lastKnownFileType = file; name = Brandon_thin.otf; path = StyleKit/Fonts/Brandon_thin.otf; sourceTree = SOURCE_ROOT; };
		295D21781C9214AA001626BD /* Style.json */ = {isa = PBXFileReference; fileEncoding = 4; lastKnownFileType = text.json; lineEnding = 0; path = Style.json; sourceTree = "<group>"; xcLanguageSpecificationIdentifier = xcode.lang.javascript; };
		298DC6071C92073E00BB0D29 /* StyleKitDemo.app */ = {isa = PBXFileReference; explicitFileType = wrapper.application; includeInIndex = 0; path = StyleKitDemo.app; sourceTree = BUILT_PRODUCTS_DIR; };
		298DC60A1C92073E00BB0D29 /* AppDelegate.swift */ = {isa = PBXFileReference; lastKnownFileType = sourcecode.swift; path = AppDelegate.swift; sourceTree = "<group>"; };
		298DC60C1C92073E00BB0D29 /* ViewController.swift */ = {isa = PBXFileReference; lastKnownFileType = sourcecode.swift; path = ViewController.swift; sourceTree = "<group>"; };
		298DC60F1C92073E00BB0D29 /* Base */ = {isa = PBXFileReference; lastKnownFileType = file.storyboard; name = Base; path = Base.lproj/Main.storyboard; sourceTree = "<group>"; };
		298DC6111C92073E00BB0D29 /* Assets.xcassets */ = {isa = PBXFileReference; lastKnownFileType = folder.assetcatalog; path = Assets.xcassets; sourceTree = "<group>"; };
		298DC6141C92073E00BB0D29 /* Base */ = {isa = PBXFileReference; lastKnownFileType = file.storyboard; name = Base; path = Base.lproj/LaunchScreen.storyboard; sourceTree = "<group>"; };
		298DC6161C92073E00BB0D29 /* Info.plist */ = {isa = PBXFileReference; lastKnownFileType = text.plist.xml; path = Info.plist; sourceTree = "<group>"; };
		298E3BC71DB56D7B00B54DD0 /* Style2.json */ = {isa = PBXFileReference; fileEncoding = 4; lastKnownFileType = text.json; path = Style2.json; sourceTree = "<group>"; };
		29B64F2F1DC3AAF600D460B1 /* StyleKit.framework */ = {isa = PBXFileReference; explicitFileType = wrapper.framework; path = StyleKit.framework; sourceTree = BUILT_PRODUCTS_DIR; };
		C406E7BB1DBFFF59004865CA /* ReadingViewController.swift */ = {isa = PBXFileReference; fileEncoding = 4; lastKnownFileType = sourcecode.swift; path = ReadingViewController.swift; sourceTree = "<group>"; };
		C406E7C31DC0F81D004865CA /* TextViewsTableViewCell.swift */ = {isa = PBXFileReference; fileEncoding = 4; lastKnownFileType = sourcecode.swift; path = TextViewsTableViewCell.swift; sourceTree = "<group>"; };
/* End PBXFileReference section */

/* Begin PBXFrameworksBuildPhase section */
		298DC6041C92073E00BB0D29 /* Frameworks */ = {
			isa = PBXFrameworksBuildPhase;
			buildActionMask = 2147483647;
			files = (
				29B64F301DC3AAF600D460B1 /* StyleKit.framework in Frameworks */,
			);
			runOnlyForDeploymentPostprocessing = 0;
		};
/* End PBXFrameworksBuildPhase section */

/* Begin PBXGroup section */
		2908BCE51DB818160012C924 /* Fonts */ = {
			isa = PBXGroup;
			children = (
				294526921DC39852003AF49E /* Brandon_bld.otf */,
				294526931DC39852003AF49E /* Brandon_blk.otf */,
				294526941DC39852003AF49E /* Brandon_light_it.otf */,
				294526951DC39852003AF49E /* Brandon_light.otf */,
				294526961DC39852003AF49E /* Brandon_med.otf */,
				294526971DC39852003AF49E /* Brandon_thin.otf */,
			);
			name = Fonts;
			path = StyleKitDemo/Fonts;
			sourceTree = "<group>";
		};
		2908BCF71DBA887B0012C924 /* ViewControllers */ = {
			isa = PBXGroup;
			children = (
				2908BCF81DBA89240012C924 /* StylesViewController.swift */,
				298DC60C1C92073E00BB0D29 /* ViewController.swift */,
				C406E7BB1DBFFF59004865CA /* ReadingViewController.swift */,
			);
			name = ViewControllers;
			sourceTree = "<group>";
		};
		2908BD2E1DBC11310012C924 /* Cells */ = {
			isa = PBXGroup;
			children = (
				2908BD1E1DBC0EC10012C924 /* ButtonTableViewCell.swift */,
				2908BD201DBC10A20012C924 /* SegmentedControlsTableViewCell.swift */,
				2908BD221DBC10BE0012C924 /* TextFieldsTableViewCell.swift */,
				2908BD241DBC10D60012C924 /* LabelsTableViewCell.swift */,
				2908BD261DBC10EB0012C924 /* SlidersTableViewCell.swift */,
				2908BD281DBC10FF0012C924 /* SteppersTableViewCell.swift */,
				2908BD2A1DBC11120012C924 /* ProgressViewsTableViewCell.swift */,
				2908BD2C1DBC11220012C924 /* ViewsTableViewCell.swift */,
				C406E7C31DC0F81D004865CA /* TextViewsTableViewCell.swift */,
			);
			name = Cells;
			sourceTree = "<group>";
		};
		2932CEE21C93691E00F83F34 /* StyleKit */ = {
			isa = PBXGroup;
			children = (
				2908BD581DC24A5D0012C924 /* DemoCode.swift */,
				298DC60A1C92073E00BB0D29 /* AppDelegate.swift */,
				2908BCF71DBA887B0012C924 /* ViewControllers */,
				2908BD2E1DBC11310012C924 /* Cells */,
			);
			name = StyleKit;
			sourceTree = "<group>";
		};
		298DC5FE1C92073E00BB0D29 = {
			isa = PBXGroup;
			children = (
				298DC6091C92073E00BB0D29 /* StyleKitDemo */,
				299612051DC3AFD2006BA22E /* Frameworks */,
				2908BCE51DB818160012C924 /* Fonts */,
				298DC6081C92073E00BB0D29 /* Products */,
			);
			sourceTree = "<group>";
		};
		298DC6081C92073E00BB0D29 /* Products */ = {
			isa = PBXGroup;
			children = (
				298DC6071C92073E00BB0D29 /* StyleKitDemo.app */,
			);
			name = Products;
			sourceTree = "<group>";
		};
		298DC6091C92073E00BB0D29 /* StyleKitDemo */ = {
			isa = PBXGroup;
			children = (
				295D21781C9214AA001626BD /* Style.json */,
				298E3BC71DB56D7B00B54DD0 /* Style2.json */,
				2932CEE21C93691E00F83F34 /* StyleKit */,
				298DC60E1C92073E00BB0D29 /* Main.storyboard */,
				298DC6111C92073E00BB0D29 /* Assets.xcassets */,
				298DC6131C92073E00BB0D29 /* LaunchScreen.storyboard */,
				298DC6161C92073E00BB0D29 /* Info.plist */,
			);
			name = StyleKitDemo;
			path = StyleKit;
			sourceTree = "<group>";
		};
		299612051DC3AFD2006BA22E /* Frameworks */ = {
			isa = PBXGroup;
			children = (
				29B64F2F1DC3AAF600D460B1 /* StyleKit.framework */,
			);
			name = Frameworks;
			sourceTree = "<group>";
		};
/* End PBXGroup section */

/* Begin PBXNativeTarget section */
		298DC6061C92073E00BB0D29 /* StyleKitDemo */ = {
			isa = PBXNativeTarget;
			buildConfigurationList = 298DC6191C92073E00BB0D29 /* Build configuration list for PBXNativeTarget "StyleKitDemo" */;
			buildPhases = (
				298DC6031C92073E00BB0D29 /* Sources */,
				298DC6041C92073E00BB0D29 /* Frameworks */,
				298DC6051C92073E00BB0D29 /* Resources */,
				29B64F2E1DC3A7B900D460B1 /* Embed Frameworks */,
			);
			buildRules = (
			);
			dependencies = (
			);
			name = StyleKitDemo;
			productName = StyleKitSample;
			productReference = 298DC6071C92073E00BB0D29 /* StyleKitDemo.app */;
			productType = "com.apple.product-type.application";
		};
/* End PBXNativeTarget section */

/* Begin PBXProject section */
		298DC5FF1C92073E00BB0D29 /* Project object */ = {
			isa = PBXProject;
			attributes = {
				LastSwiftUpdateCheck = 0720;
				LastUpgradeCheck = 0800;
				ORGANIZATIONNAME = "Tonic Design";
				TargetAttributes = {
					298DC6061C92073E00BB0D29 = {
						CreatedOnToolsVersion = 7.2.1;
						LastSwiftMigration = 0800;
					};
				};
			};
			buildConfigurationList = 298DC6021C92073E00BB0D29 /* Build configuration list for PBXProject "StyleKitDemo" */;
			compatibilityVersion = "Xcode 3.2";
			developmentRegion = English;
			hasScannedForEncodings = 0;
			knownRegions = (
				en,
				Base,
			);
			mainGroup = 298DC5FE1C92073E00BB0D29;
			productRefGroup = 298DC6081C92073E00BB0D29 /* Products */;
			projectDirPath = "";
			projectRoot = "";
			targets = (
				298DC6061C92073E00BB0D29 /* StyleKitDemo */,
			);
		};
/* End PBXProject section */

/* Begin PBXResourcesBuildPhase section */
		298DC6051C92073E00BB0D29 /* Resources */ = {
			isa = PBXResourcesBuildPhase;
			buildActionMask = 2147483647;
			files = (
				298DC6151C92073E00BB0D29 /* LaunchScreen.storyboard in Resources */,
				2945269C1DC39852003AF49E /* Brandon_med.otf in Resources */,
				298DC6121C92073E00BB0D29 /* Assets.xcassets in Resources */,
				2945269A1DC39852003AF49E /* Brandon_light_it.otf in Resources */,
				2945269D1DC39852003AF49E /* Brandon_thin.otf in Resources */,
				294526991DC39852003AF49E /* Brandon_blk.otf in Resources */,
				2945269B1DC39852003AF49E /* Brandon_light.otf in Resources */,
				298E3BC81DB56D7B00B54DD0 /* Style2.json in Resources */,
				298DC6101C92073E00BB0D29 /* Main.storyboard in Resources */,
				295D21791C9214AA001626BD /* Style.json in Resources */,
				294526981DC39852003AF49E /* Brandon_bld.otf in Resources */,
			);
			runOnlyForDeploymentPostprocessing = 0;
		};
/* End PBXResourcesBuildPhase section */

/* Begin PBXSourcesBuildPhase section */
		298DC6031C92073E00BB0D29 /* Sources */ = {
			isa = PBXSourcesBuildPhase;
			buildActionMask = 2147483647;
			files = (
				298DC60D1C92073E00BB0D29 /* ViewController.swift in Sources */,
				2908BD591DC24A5D0012C924 /* DemoCode.swift in Sources */,
				2908BD2D1DBC11220012C924 /* ViewsTableViewCell.swift in Sources */,
				2908BD1F1DBC0EC10012C924 /* ButtonTableViewCell.swift in Sources */,
				2908BD271DBC10EB0012C924 /* SlidersTableViewCell.swift in Sources */,
				C406E7BC1DBFFF59004865CA /* ReadingViewController.swift in Sources */,
				2908BD291DBC10FF0012C924 /* SteppersTableViewCell.swift in Sources */,
				2908BCF91DBA89240012C924 /* StylesViewController.swift in Sources */,
				2908BD251DBC10D60012C924 /* LabelsTableViewCell.swift in Sources */,
				C406E7C41DC0F81D004865CA /* TextViewsTableViewCell.swift in Sources */,
				2908BD2B1DBC11120012C924 /* ProgressViewsTableViewCell.swift in Sources */,
				2908BD211DBC10A20012C924 /* SegmentedControlsTableViewCell.swift in Sources */,
				298DC60B1C92073E00BB0D29 /* AppDelegate.swift in Sources */,
				2908BD231DBC10BE0012C924 /* TextFieldsTableViewCell.swift in Sources */,
			);
			runOnlyForDeploymentPostprocessing = 0;
		};
/* End PBXSourcesBuildPhase section */

/* Begin PBXVariantGroup section */
		298DC60E1C92073E00BB0D29 /* Main.storyboard */ = {
			isa = PBXVariantGroup;
			children = (
				298DC60F1C92073E00BB0D29 /* Base */,
			);
			name = Main.storyboard;
			sourceTree = "<group>";
		};
		298DC6131C92073E00BB0D29 /* LaunchScreen.storyboard */ = {
			isa = PBXVariantGroup;
			children = (
				298DC6141C92073E00BB0D29 /* Base */,
			);
			name = LaunchScreen.storyboard;
			sourceTree = "<group>";
		};
/* End PBXVariantGroup section */

/* Begin XCBuildConfiguration section */
		298DC6171C92073E00BB0D29 /* Debug */ = {
			isa = XCBuildConfiguration;
			buildSettings = {
				ALWAYS_SEARCH_USER_PATHS = NO;
				CLANG_CXX_LANGUAGE_STANDARD = "gnu++0x";
				CLANG_CXX_LIBRARY = "libc++";
				CLANG_ENABLE_MODULES = YES;
				CLANG_ENABLE_OBJC_ARC = YES;
				CLANG_WARN_BOOL_CONVERSION = YES;
				CLANG_WARN_CONSTANT_CONVERSION = YES;
				CLANG_WARN_DIRECT_OBJC_ISA_USAGE = YES_ERROR;
				CLANG_WARN_EMPTY_BODY = YES;
				CLANG_WARN_ENUM_CONVERSION = YES;
				CLANG_WARN_INFINITE_RECURSION = YES;
				CLANG_WARN_INT_CONVERSION = YES;
				CLANG_WARN_OBJC_ROOT_CLASS = YES_ERROR;
				CLANG_WARN_SUSPICIOUS_MOVE = YES;
				CLANG_WARN_UNREACHABLE_CODE = YES;
				CLANG_WARN__DUPLICATE_METHOD_MATCH = YES;
				"CODE_SIGN_IDENTITY[sdk=iphoneos*]" = "iPhone Developer";
				COPY_PHASE_STRIP = NO;
				DEBUG_INFORMATION_FORMAT = dwarf;
				ENABLE_STRICT_OBJC_MSGSEND = YES;
				ENABLE_TESTABILITY = YES;
				GCC_C_LANGUAGE_STANDARD = gnu99;
				GCC_DYNAMIC_NO_PIC = NO;
				GCC_NO_COMMON_BLOCKS = YES;
				GCC_OPTIMIZATION_LEVEL = 0;
				GCC_PREPROCESSOR_DEFINITIONS = (
					"DEBUG=1",
					"$(inherited)",
				);
				GCC_WARN_64_TO_32_BIT_CONVERSION = YES;
				GCC_WARN_ABOUT_RETURN_TYPE = YES_ERROR;
				GCC_WARN_UNDECLARED_SELECTOR = YES;
				GCC_WARN_UNINITIALIZED_AUTOS = YES_AGGRESSIVE;
				GCC_WARN_UNUSED_FUNCTION = YES;
				GCC_WARN_UNUSED_VARIABLE = YES;
				IPHONEOS_DEPLOYMENT_TARGET = 9.2;
				MTL_ENABLE_DEBUG_INFO = YES;
				ONLY_ACTIVE_ARCH = YES;
				SDKROOT = iphoneos;
				SWIFT_OPTIMIZATION_LEVEL = "-Onone";
			};
			name = Debug;
		};
		298DC6181C92073E00BB0D29 /* Release */ = {
			isa = XCBuildConfiguration;
			buildSettings = {
				ALWAYS_SEARCH_USER_PATHS = NO;
				CLANG_CXX_LANGUAGE_STANDARD = "gnu++0x";
				CLANG_CXX_LIBRARY = "libc++";
				CLANG_ENABLE_MODULES = YES;
				CLANG_ENABLE_OBJC_ARC = YES;
				CLANG_WARN_BOOL_CONVERSION = YES;
				CLANG_WARN_CONSTANT_CONVERSION = YES;
				CLANG_WARN_DIRECT_OBJC_ISA_USAGE = YES_ERROR;
				CLANG_WARN_EMPTY_BODY = YES;
				CLANG_WARN_ENUM_CONVERSION = YES;
				CLANG_WARN_INFINITE_RECURSION = YES;
				CLANG_WARN_INT_CONVERSION = YES;
				CLANG_WARN_OBJC_ROOT_CLASS = YES_ERROR;
				CLANG_WARN_SUSPICIOUS_MOVE = YES;
				CLANG_WARN_UNREACHABLE_CODE = YES;
				CLANG_WARN__DUPLICATE_METHOD_MATCH = YES;
				"CODE_SIGN_IDENTITY[sdk=iphoneos*]" = "iPhone Developer";
				COPY_PHASE_STRIP = NO;
				DEBUG_INFORMATION_FORMAT = "dwarf-with-dsym";
				ENABLE_NS_ASSERTIONS = NO;
				ENABLE_STRICT_OBJC_MSGSEND = YES;
				GCC_C_LANGUAGE_STANDARD = gnu99;
				GCC_NO_COMMON_BLOCKS = YES;
				GCC_WARN_64_TO_32_BIT_CONVERSION = YES;
				GCC_WARN_ABOUT_RETURN_TYPE = YES_ERROR;
				GCC_WARN_UNDECLARED_SELECTOR = YES;
				GCC_WARN_UNINITIALIZED_AUTOS = YES_AGGRESSIVE;
				GCC_WARN_UNUSED_FUNCTION = YES;
				GCC_WARN_UNUSED_VARIABLE = YES;
				IPHONEOS_DEPLOYMENT_TARGET = 9.2;
				MTL_ENABLE_DEBUG_INFO = NO;
				SDKROOT = iphoneos;
				SWIFT_OPTIMIZATION_LEVEL = "-Owholemodule";
				VALIDATE_PRODUCT = YES;
			};
			name = Release;
		};
		298DC61A1C92073E00BB0D29 /* Debug */ = {
			isa = XCBuildConfiguration;
			buildSettings = {
				ASSETCATALOG_COMPILER_APPICON_NAME = AppIcon;
				INFOPLIST_FILE = StyleKit/Info.plist;
				LD_RUNPATH_SEARCH_PATHS = "$(inherited) @executable_path/Frameworks";
				PRODUCT_BUNDLE_IDENTIFIER = com.tonicdesign.StyleKitDemo;
				PRODUCT_NAME = "$(TARGET_NAME)";
				SWIFT_VERSION = 2.3;
			};
			name = Debug;
		};
		298DC61B1C92073E00BB0D29 /* Release */ = {
			isa = XCBuildConfiguration;
			buildSettings = {
				ASSETCATALOG_COMPILER_APPICON_NAME = AppIcon;
				INFOPLIST_FILE = StyleKit/Info.plist;
				LD_RUNPATH_SEARCH_PATHS = "$(inherited) @executable_path/Frameworks";
				PRODUCT_BUNDLE_IDENTIFIER = com.tonicdesign.StyleKitDemo;
				PRODUCT_NAME = "$(TARGET_NAME)";
				SWIFT_VERSION = 2.3;
			};
			name = Release;
		};
/* End XCBuildConfiguration section */

/* Begin XCConfigurationList section */
		298DC6021C92073E00BB0D29 /* Build configuration list for PBXProject "StyleKitDemo" */ = {
			isa = XCConfigurationList;
			buildConfigurations = (
				298DC6171C92073E00BB0D29 /* Debug */,
				298DC6181C92073E00BB0D29 /* Release */,
			);
			defaultConfigurationIsVisible = 0;
			defaultConfigurationName = Release;
		};
		298DC6191C92073E00BB0D29 /* Build configuration list for PBXNativeTarget "StyleKitDemo" */ = {
			isa = XCConfigurationList;
			buildConfigurations = (
				298DC61A1C92073E00BB0D29 /* Debug */,
				298DC61B1C92073E00BB0D29 /* Release */,
			);
			defaultConfigurationIsVisible = 0;
			defaultConfigurationName = Release;
		};
/* End XCConfigurationList section */
	};
	rootObject = 298DC5FF1C92073E00BB0D29 /* Project object */;
}
