// !$*UTF8*$!
{
	archiveVersion = 1;
	classes = {
	};
	objectVersion = 46;
	objects = {

/* Begin PBXBuildFile section */
		295D21791C9214AA001626BD /* Style.json in Resources */ = {isa = PBXBuildFile; fileRef = 295D21781C9214AA001626BD /* Style.json */; };
		298DC60B1C92073E00BB0D29 /* AppDelegate.swift in Sources */ = {isa = PBXBuildFile; fileRef = 298DC60A1C92073E00BB0D29 /* AppDelegate.swift */; };
		298DC60D1C92073E00BB0D29 /* ViewController.swift in Sources */ = {isa = PBXBuildFile; fileRef = 298DC60C1C92073E00BB0D29 /* ViewController.swift */; };
		298DC6101C92073E00BB0D29 /* Main.storyboard in Resources */ = {isa = PBXBuildFile; fileRef = 298DC60E1C92073E00BB0D29 /* Main.storyboard */; };
		298DC6121C92073E00BB0D29 /* Assets.xcassets in Resources */ = {isa = PBXBuildFile; fileRef = 298DC6111C92073E00BB0D29 /* Assets.xcassets */; };
		298DC6151C92073E00BB0D29 /* LaunchScreen.storyboard in Resources */ = {isa = PBXBuildFile; fileRef = 298DC6131C92073E00BB0D29 /* LaunchScreen.storyboard */; };
		C446D61D1CB540CA00EBC929 /* Style.swift in Sources */ = {isa = PBXBuildFile; fileRef = C446D61B1CB540CA00EBC929 /* Style.swift */; };
		C446D61E1CB540CA00EBC929 /* UIView+StyleKit.swift in Sources */ = {isa = PBXBuildFile; fileRef = C446D61C1CB540CA00EBC929 /* UIView+StyleKit.swift */; };
		C446D6201CB5430C00EBC929 /* Constants.swift in Sources */ = {isa = PBXBuildFile; fileRef = C446D61F1CB5430C00EBC929 /* Constants.swift */; };
		C4DC5FF61CBD35300006132D /* LabelsViewController.swift in Sources */ = {isa = PBXBuildFile; fileRef = C4DC5FF51CBD35300006132D /* LabelsViewController.swift */; };
		C4DC5FF81CBD360E0006132D /* ButtonsViewController.swift in Sources */ = {isa = PBXBuildFile; fileRef = C4DC5FF71CBD360E0006132D /* ButtonsViewController.swift */; };
		C4DC5FFA1CBD365C0006132D /* TextFieldsViewController.swift in Sources */ = {isa = PBXBuildFile; fileRef = C4DC5FF91CBD365C0006132D /* TextFieldsViewController.swift */; };
		C4DC5FFC1CBD36D50006132D /* SegmentedControlsViewController.swift in Sources */ = {isa = PBXBuildFile; fileRef = C4DC5FFB1CBD36D50006132D /* SegmentedControlsViewController.swift */; };
/* End PBXBuildFile section */

/* Begin PBXFileReference section */
		295D21781C9214AA001626BD /* Style.json */ = {isa = PBXFileReference; fileEncoding = 4; lastKnownFileType = text.json; path = Style.json; sourceTree = "<group>"; };
		298DC6071C92073E00BB0D29 /* StyleKitSample.app */ = {isa = PBXFileReference; explicitFileType = wrapper.application; includeInIndex = 0; path = StyleKitSample.app; sourceTree = BUILT_PRODUCTS_DIR; };
		298DC60A1C92073E00BB0D29 /* AppDelegate.swift */ = {isa = PBXFileReference; lastKnownFileType = sourcecode.swift; path = AppDelegate.swift; sourceTree = "<group>"; };
		298DC60C1C92073E00BB0D29 /* ViewController.swift */ = {isa = PBXFileReference; lastKnownFileType = sourcecode.swift; path = ViewController.swift; sourceTree = "<group>"; };
		298DC60F1C92073E00BB0D29 /* Base */ = {isa = PBXFileReference; lastKnownFileType = file.storyboard; name = Base; path = Base.lproj/Main.storyboard; sourceTree = "<group>"; };
		298DC6111C92073E00BB0D29 /* Assets.xcassets */ = {isa = PBXFileReference; lastKnownFileType = folder.assetcatalog; path = Assets.xcassets; sourceTree = "<group>"; };
		298DC6141C92073E00BB0D29 /* Base */ = {isa = PBXFileReference; lastKnownFileType = file.storyboard; name = Base; path = Base.lproj/LaunchScreen.storyboard; sourceTree = "<group>"; };
		298DC6161C92073E00BB0D29 /* Info.plist */ = {isa = PBXFileReference; lastKnownFileType = text.plist.xml; path = Info.plist; sourceTree = "<group>"; };
		C446D61B1CB540CA00EBC929 /* Style.swift */ = {isa = PBXFileReference; fileEncoding = 4; lastKnownFileType = sourcecode.swift; path = Style.swift; sourceTree = "<group>"; };
		C446D61C1CB540CA00EBC929 /* UIView+StyleKit.swift */ = {isa = PBXFileReference; fileEncoding = 4; lastKnownFileType = sourcecode.swift; path = "UIView+StyleKit.swift"; sourceTree = "<group>"; };
		C446D61F1CB5430C00EBC929 /* Constants.swift */ = {isa = PBXFileReference; fileEncoding = 4; lastKnownFileType = sourcecode.swift; path = Constants.swift; sourceTree = "<group>"; };
		C4DC5FF51CBD35300006132D /* LabelsViewController.swift */ = {isa = PBXFileReference; fileEncoding = 4; lastKnownFileType = sourcecode.swift; path = LabelsViewController.swift; sourceTree = "<group>"; };
		C4DC5FF71CBD360E0006132D /* ButtonsViewController.swift */ = {isa = PBXFileReference; fileEncoding = 4; lastKnownFileType = sourcecode.swift; path = ButtonsViewController.swift; sourceTree = "<group>"; };
		C4DC5FF91CBD365C0006132D /* TextFieldsViewController.swift */ = {isa = PBXFileReference; fileEncoding = 4; lastKnownFileType = sourcecode.swift; path = TextFieldsViewController.swift; sourceTree = "<group>"; };
		C4DC5FFB1CBD36D50006132D /* SegmentedControlsViewController.swift */ = {isa = PBXFileReference; fileEncoding = 4; lastKnownFileType = sourcecode.swift; path = SegmentedControlsViewController.swift; sourceTree = "<group>"; };
/* End PBXFileReference section */

/* Begin PBXFrameworksBuildPhase section */
		298DC6041C92073E00BB0D29 /* Frameworks */ = {
			isa = PBXFrameworksBuildPhase;
			buildActionMask = 2147483647;
			files = (
			);
			runOnlyForDeploymentPostprocessing = 0;
		};
/* End PBXFrameworksBuildPhase section */

/* Begin PBXGroup section */
		2932CEE21C93691E00F83F34 /* StyleKit */ = {
			isa = PBXGroup;
			children = (
				C446D61B1CB540CA00EBC929 /* Style.swift */,
				C446D61C1CB540CA00EBC929 /* UIView+StyleKit.swift */,
				295D21781C9214AA001626BD /* Style.json */,
				C446D61F1CB5430C00EBC929 /* Constants.swift */,
				C4DC5FF51CBD35300006132D /* LabelsViewController.swift */,
				C4DC5FF71CBD360E0006132D /* ButtonsViewController.swift */,
				C4DC5FF91CBD365C0006132D /* TextFieldsViewController.swift */,
				C4DC5FFB1CBD36D50006132D /* SegmentedControlsViewController.swift */,
			);
			name = StyleKit;
			sourceTree = "<group>";
		};
		298DC5FE1C92073E00BB0D29 = {
			isa = PBXGroup;
			children = (
				298DC6091C92073E00BB0D29 /* StyleKitSample */,
				298DC6081C92073E00BB0D29 /* Products */,
			);
			sourceTree = "<group>";
		};
		298DC6081C92073E00BB0D29 /* Products */ = {
			isa = PBXGroup;
			children = (
				298DC6071C92073E00BB0D29 /* StyleKitSample.app */,
			);
			name = Products;
			sourceTree = "<group>";
		};
		298DC6091C92073E00BB0D29 /* StyleKitSample */ = {
			isa = PBXGroup;
			children = (
				2932CEE21C93691E00F83F34 /* StyleKit */,
				298DC60A1C92073E00BB0D29 /* AppDelegate.swift */,
				298DC60C1C92073E00BB0D29 /* ViewController.swift */,
				298DC60E1C92073E00BB0D29 /* Main.storyboard */,
				298DC6111C92073E00BB0D29 /* Assets.xcassets */,
				298DC6131C92073E00BB0D29 /* LaunchScreen.storyboard */,
				298DC6161C92073E00BB0D29 /* Info.plist */,
			);
			path = StyleKitSample;
			sourceTree = "<group>";
		};
/* End PBXGroup section */

/* Begin PBXNativeTarget section */
		298DC6061C92073E00BB0D29 /* StyleKitSample */ = {
			isa = PBXNativeTarget;
			buildConfigurationList = 298DC6191C92073E00BB0D29 /* Build configuration list for PBXNativeTarget "StyleKitSample" */;
			buildPhases = (
				298DC6031C92073E00BB0D29 /* Sources */,
				298DC6041C92073E00BB0D29 /* Frameworks */,
				298DC6051C92073E00BB0D29 /* Resources */,
			);
			buildRules = (
			);
			dependencies = (
			);
			name = StyleKitSample;
			productName = StyleKitSample;
			productReference = 298DC6071C92073E00BB0D29 /* StyleKitSample.app */;
			productType = "com.apple.product-type.application";
		};
/* End PBXNativeTarget section */

/* Begin PBXProject section */
		298DC5FF1C92073E00BB0D29 /* Project object */ = {
			isa = PBXProject;
			attributes = {
				LastSwiftUpdateCheck = 0720;
				LastUpgradeCheck = 0720;
				ORGANIZATIONNAME = "Tonic Design";
				TargetAttributes = {
					298DC6061C92073E00BB0D29 = {
						CreatedOnToolsVersion = 7.2.1;
					};
				};
			};
			buildConfigurationList = 298DC6021C92073E00BB0D29 /* Build configuration list for PBXProject "StyleKitSample" */;
			compatibilityVersion = "Xcode 3.2";
			developmentRegion = English;
			hasScannedForEncodings = 0;
			knownRegions = (
				en,
				Base,
			);
			mainGroup = 298DC5FE1C92073E00BB0D29;
			productRefGroup = 298DC6081C92073E00BB0D29 /* Products */;
			projectDirPath = "";
			projectRoot = "";
			targets = (
				298DC6061C92073E00BB0D29 /* StyleKitSample */,
			);
		};
/* End PBXProject section */

/* Begin PBXResourcesBuildPhase section */
		298DC6051C92073E00BB0D29 /* Resources */ = {
			isa = PBXResourcesBuildPhase;
			buildActionMask = 2147483647;
			files = (
				298DC6151C92073E00BB0D29 /* LaunchScreen.storyboard in Resources */,
				298DC6121C92073E00BB0D29 /* Assets.xcassets in Resources */,
				298DC6101C92073E00BB0D29 /* Main.storyboard in Resources */,
				295D21791C9214AA001626BD /* Style.json in Resources */,
			);
			runOnlyForDeploymentPostprocessing = 0;
		};
/* End PBXResourcesBuildPhase section */

/* Begin PBXSourcesBuildPhase section */
		298DC6031C92073E00BB0D29 /* Sources */ = {
			isa = PBXSourcesBuildPhase;
			buildActionMask = 2147483647;
			files = (
				C446D6201CB5430C00EBC929 /* Constants.swift in Sources */,
				298DC60D1C92073E00BB0D29 /* ViewController.swift in Sources */,
				C446D61E1CB540CA00EBC929 /* UIView+StyleKit.swift in Sources */,
				C4DC5FF61CBD35300006132D /* LabelsViewController.swift in Sources */,
				C4DC5FFC1CBD36D50006132D /* SegmentedControlsViewController.swift in Sources */,
				C4DC5FFA1CBD365C0006132D /* TextFieldsViewController.swift in Sources */,
				C4DC5FF81CBD360E0006132D /* ButtonsViewController.swift in Sources */,
				C446D61D1CB540CA00EBC929 /* Style.swift in Sources */,
				298DC60B1C92073E00BB0D29 /* AppDelegate.swift in Sources */,
			);
			runOnlyForDeploymentPostprocessing = 0;
		};
/* End PBXSourcesBuildPhase section */

/* Begin PBXVariantGroup section */
		298DC60E1C92073E00BB0D29 /* Main.storyboard */ = {
			isa = PBXVariantGroup;
			children = (
				298DC60F1C92073E00BB0D29 /* Base */,
			);
			name = Main.storyboard;
			sourceTree = "<group>";
		};
		298DC6131C92073E00BB0D29 /* LaunchScreen.storyboard */ = {
			isa = PBXVariantGroup;
			children = (
				298DC6141C92073E00BB0D29 /* Base */,
			);
			name = LaunchScreen.storyboard;
			sourceTree = "<group>";
		};
/* End PBXVariantGroup section */

/* Begin XCBuildConfiguration section */
		298DC6171C92073E00BB0D29 /* Debug */ = {
			isa = XCBuildConfiguration;
			buildSettings = {
				ALWAYS_SEARCH_USER_PATHS = NO;
				CLANG_CXX_LANGUAGE_STANDARD = "gnu++0x";
				CLANG_CXX_LIBRARY = "libc++";
				CLANG_ENABLE_MODULES = YES;
				CLANG_ENABLE_OBJC_ARC = YES;
				CLANG_WARN_BOOL_CONVERSION = YES;
				CLANG_WARN_CONSTANT_CONVERSION = YES;
				CLANG_WARN_DIRECT_OBJC_ISA_USAGE = YES_ERROR;
				CLANG_WARN_EMPTY_BODY = YES;
				CLANG_WARN_ENUM_CONVERSION = YES;
				CLANG_WARN_INT_CONVERSION = YES;
				CLANG_WARN_OBJC_ROOT_CLASS = YES_ERROR;
				CLANG_WARN_UNREACHABLE_CODE = YES;
				CLANG_WARN__DUPLICATE_METHOD_MATCH = YES;
				"CODE_SIGN_IDENTITY[sdk=iphoneos*]" = "iPhone Developer";
				COPY_PHASE_STRIP = NO;
				DEBUG_INFORMATION_FORMAT = dwarf;
				ENABLE_STRICT_OBJC_MSGSEND = YES;
				ENABLE_TESTABILITY = YES;
				GCC_C_LANGUAGE_STANDARD = gnu99;
				GCC_DYNAMIC_NO_PIC = NO;
				GCC_NO_COMMON_BLOCKS = YES;
				GCC_OPTIMIZATION_LEVEL = 0;
				GCC_PREPROCESSOR_DEFINITIONS = (
					"DEBUG=1",
					"$(inherited)",
				);
				GCC_WARN_64_TO_32_BIT_CONVERSION = YES;
				GCC_WARN_ABOUT_RETURN_TYPE = YES_ERROR;
				GCC_WARN_UNDECLARED_SELECTOR = YES;
				GCC_WARN_UNINITIALIZED_AUTOS = YES_AGGRESSIVE;
				GCC_WARN_UNUSED_FUNCTION = YES;
				GCC_WARN_UNUSED_VARIABLE = YES;
				IPHONEOS_DEPLOYMENT_TARGET = 9.2;
				MTL_ENABLE_DEBUG_INFO = YES;
				ONLY_ACTIVE_ARCH = YES;
				SDKROOT = iphoneos;
				SWIFT_OPTIMIZATION_LEVEL = "-Onone";
			};
			name = Debug;
		};
		298DC6181C92073E00BB0D29 /* Release */ = {
			isa = XCBuildConfiguration;
			buildSettings = {
				ALWAYS_SEARCH_USER_PATHS = NO;
				CLANG_CXX_LANGUAGE_STANDARD = "gnu++0x";
				CLANG_CXX_LIBRARY = "libc++";
				CLANG_ENABLE_MODULES = YES;
				CLANG_ENABLE_OBJC_ARC = YES;
				CLANG_WARN_BOOL_CONVERSION = YES;
				CLANG_WARN_CONSTANT_CONVERSION = YES;
				CLANG_WARN_DIRECT_OBJC_ISA_USAGE = YES_ERROR;
				CLANG_WARN_EMPTY_BODY = YES;
				CLANG_WARN_ENUM_CONVERSION = YES;
				CLANG_WARN_INT_CONVERSION = YES;
				CLANG_WARN_OBJC_ROOT_CLASS = YES_ERROR;
				CLANG_WARN_UNREACHABLE_CODE = YES;
				CLANG_WARN__DUPLICATE_METHOD_MATCH = YES;
				"CODE_SIGN_IDENTITY[sdk=iphoneos*]" = "iPhone Developer";
				COPY_PHASE_STRIP = NO;
				DEBUG_INFORMATION_FORMAT = "dwarf-with-dsym";
				ENABLE_NS_ASSERTIONS = NO;
				ENABLE_STRICT_OBJC_MSGSEND = YES;
				GCC_C_LANGUAGE_STANDARD = gnu99;
				GCC_NO_COMMON_BLOCKS = YES;
				GCC_WARN_64_TO_32_BIT_CONVERSION = YES;
				GCC_WARN_ABOUT_RETURN_TYPE = YES_ERROR;
				GCC_WARN_UNDECLARED_SELECTOR = YES;
				GCC_WARN_UNINITIALIZED_AUTOS = YES_AGGRESSIVE;
				GCC_WARN_UNUSED_FUNCTION = YES;
				GCC_WARN_UNUSED_VARIABLE = YES;
				IPHONEOS_DEPLOYMENT_TARGET = 9.2;
				MTL_ENABLE_DEBUG_INFO = NO;
				SDKROOT = iphoneos;
				VALIDATE_PRODUCT = YES;
			};
			name = Release;
		};
		298DC61A1C92073E00BB0D29 /* Debug */ = {
			isa = XCBuildConfiguration;
			buildSettings = {
				ASSETCATALOG_COMPILER_APPICON_NAME = AppIcon;
				INFOPLIST_FILE = StyleKitSample/Info.plist;
				LD_RUNPATH_SEARCH_PATHS = "$(inherited) @executable_path/Frameworks";
				PRODUCT_BUNDLE_IDENTIFIER = com.tonicdesign.StyleKitSample;
				PRODUCT_NAME = "$(TARGET_NAME)";
			};
			name = Debug;
		};
		298DC61B1C92073E00BB0D29 /* Release */ = {
			isa = XCBuildConfiguration;
			buildSettings = {
				ASSETCATALOG_COMPILER_APPICON_NAME = AppIcon;
				INFOPLIST_FILE = StyleKitSample/Info.plist;
				LD_RUNPATH_SEARCH_PATHS = "$(inherited) @executable_path/Frameworks";
				PRODUCT_BUNDLE_IDENTIFIER = com.tonicdesign.StyleKitSample;
				PRODUCT_NAME = "$(TARGET_NAME)";
			};
			name = Release;
		};
/* End XCBuildConfiguration section */

/* Begin XCConfigurationList section */
		298DC6021C92073E00BB0D29 /* Build configuration list for PBXProject "StyleKitSample" */ = {
			isa = XCConfigurationList;
			buildConfigurations = (
				298DC6171C92073E00BB0D29 /* Debug */,
				298DC6181C92073E00BB0D29 /* Release */,
			);
			defaultConfigurationIsVisible = 0;
			defaultConfigurationName = Release;
		};
		298DC6191C92073E00BB0D29 /* Build configuration list for PBXNativeTarget "StyleKitSample" */ = {
			isa = XCConfigurationList;
			buildConfigurations = (
				298DC61A1C92073E00BB0D29 /* Debug */,
				298DC61B1C92073E00BB0D29 /* Release */,
			);
			defaultConfigurationIsVisible = 0;
			defaultConfigurationName = Release;
		};
/* End XCConfigurationList section */
	};
	rootObject = 298DC5FF1C92073E00BB0D29 /* Project object */;
}
